
Microsoft Visual Studio Solution File, Format Version 12.00
# Visual Studio 2012
Project("{FAE04EC0-301F-11D3-BF4B-00C04F79EFBC}") = "home1_ses7", "home1_ses7\home1_ses7.csproj", "{15E480E6-2C55-4D8D-BF39-B3292BF25187}"
EndProject
Global
	GlobalSection(SolutionConfigurationPlatforms) = preSolution
		Debug|x86 = Debug|x86
		Release|x86 = Release|x86
	EndGlobalSection
	GlobalSection(ProjectConfigurationPlatforms) = postSolution
		{15E480E6-2C55-4D8D-BF39-B3292BF25187}.Debug|x86.ActiveCfg = Debug|x86
		{15E480E6-2C55-4D8D-BF39-B3292BF25187}.Debug|x86.Build.0 = Debug|x86
		{15E480E6-2C55-4D8D-BF39-B3292BF25187}.Release|x86.ActiveCfg = Release|x86
		{15E480E6-2C55-4D8D-BF39-B3292BF25187}.Release|x86.Build.0 = Release|x86
	EndGlobalSection
EndGlobal
